// !$*UTF8*$!
{
	archiveVersion = 1;
	classes = {
	};
	objectVersion = 46;
	objects = {

/* Begin PBXBuildFile section */
		520E71EA1D38D1E700DBFD12 /* RootVC.m in Sources */ = {isa = PBXBuildFile; fileRef = 520E71E91D38D1E700DBFD12 /* RootVC.m */; };
		526A48671D41E38C00EA0598 /* BaseViewController.m in Sources */ = {isa = PBXBuildFile; fileRef = 526A48661D41E38C00EA0598 /* BaseViewController.m */; };
		526A486A1D41E3A800EA0598 /* BaseTableViewController.m in Sources */ = {isa = PBXBuildFile; fileRef = 526A48691D41E3A800EA0598 /* BaseTableViewController.m */; };
		526A48701D41E3CE00EA0598 /* BaseCollectionViewController.m in Sources */ = {isa = PBXBuildFile; fileRef = 526A486F1D41E3CE00EA0598 /* BaseCollectionViewController.m */; };
		526A48731D41E3E000EA0598 /* BaseWebViewController.m in Sources */ = {isa = PBXBuildFile; fileRef = 526A48721D41E3E000EA0598 /* BaseWebViewController.m */; };
		526A48761D41E3FA00EA0598 /* BaseNavigationController.m in Sources */ = {isa = PBXBuildFile; fileRef = 526A48751D41E3FA00EA0598 /* BaseNavigationController.m */; };
		526A49D51D41FAD600EA0598 /* ChineseToPinyin.m in Sources */ = {isa = PBXBuildFile; fileRef = 526A49D41D41FAD600EA0598 /* ChineseToPinyin.m */; };
		526A49E41D41FEF200EA0598 /* NSString+ThreeDES.m in Sources */ = {isa = PBXBuildFile; fileRef = 526A49DE1D41FEF200EA0598 /* NSString+ThreeDES.m */; settings = {COMPILER_FLAGS = "-fno-objc-arc"; }; };
		526A49E51D41FEF200EA0598 /* GTMBase64.m in Sources */ = {isa = PBXBuildFile; fileRef = 526A49E11D41FEF200EA0598 /* GTMBase64.m */; settings = {COMPILER_FLAGS = "-fno-objc-arc"; }; };
		526A49E61D41FEF200EA0598 /* README.md in Sources */ = {isa = PBXBuildFile; fileRef = 526A49E31D41FEF200EA0598 /* README.md */; };
		52A9322B1D2F471000D8ED2F /* main.m in Sources */ = {isa = PBXBuildFile; fileRef = 52A9322A1D2F471000D8ED2F /* main.m */; };
		52A9322E1D2F471000D8ED2F /* AppDelegate.m in Sources */ = {isa = PBXBuildFile; fileRef = 52A9322D1D2F471000D8ED2F /* AppDelegate.m */; };
		52A932361D2F471000D8ED2F /* Assets.xcassets in Resources */ = {isa = PBXBuildFile; fileRef = 52A932351D2F471000D8ED2F /* Assets.xcassets */; };
		52A932391D2F471000D8ED2F /* LaunchScreen.storyboard in Resources */ = {isa = PBXBuildFile; fileRef = 52A932371D2F471000D8ED2F /* LaunchScreen.storyboard */; };
		52A932441D2F471100D8ED2F /* My_iOS_Dev_ToolsTests.m in Sources */ = {isa = PBXBuildFile; fileRef = 52A932431D2F471100D8ED2F /* My_iOS_Dev_ToolsTests.m */; };
		52A9324F1D2F471100D8ED2F /* My_iOS_Dev_ToolsUITests.m in Sources */ = {isa = PBXBuildFile; fileRef = 52A9324E1D2F471100D8ED2F /* My_iOS_Dev_ToolsUITests.m */; };
		52AEE2FF1D336E2C00252609 /* AppConsts.m in Sources */ = {isa = PBXBuildFile; fileRef = 52AEE2FE1D336E2C00252609 /* AppConsts.m */; };
		52B9F5281D48942100427F9C /* NSArray+Category.m in Sources */ = {isa = PBXBuildFile; fileRef = 52B9F4E41D48942100427F9C /* NSArray+Category.m */; };
		52B9F5291D48942100427F9C /* NSAttributedString+Category.m in Sources */ = {isa = PBXBuildFile; fileRef = 52B9F4E71D48942100427F9C /* NSAttributedString+Category.m */; };
		52B9F52A1D48942100427F9C /* NSMutableAttributedString+Category.m in Sources */ = {isa = PBXBuildFile; fileRef = 52B9F4E91D48942100427F9C /* NSMutableAttributedString+Category.m */; };
		52B9F52B1D48942100427F9C /* NSDate+Category.m in Sources */ = {isa = PBXBuildFile; fileRef = 52B9F4EC1D48942100427F9C /* NSDate+Category.m */; };
		52B9F52C1D48942100427F9C /* NSDictionary+Category.m in Sources */ = {isa = PBXBuildFile; fileRef = 52B9F4EF1D48942100427F9C /* NSDictionary+Category.m */; };
		52B9F52D1D48942100427F9C /* NSJSONSerialization+Category.m in Sources */ = {isa = PBXBuildFile; fileRef = 52B9F4F21D48942100427F9C /* NSJSONSerialization+Category.m */; };
		52B9F52E1D48942100427F9C /* NSMutableArray+Category.m in Sources */ = {isa = PBXBuildFile; fileRef = 52B9F4F51D48942100427F9C /* NSMutableArray+Category.m */; };
		52B9F52F1D48942100427F9C /* NSMutableDictionary+Category.m in Sources */ = {isa = PBXBuildFile; fileRef = 52B9F4F91D48942100427F9C /* NSMutableDictionary+Category.m */; };
		52B9F5301D48942100427F9C /* NSMutableString+Category.m in Sources */ = {isa = PBXBuildFile; fileRef = 52B9F4FC1D48942100427F9C /* NSMutableString+Category.m */; };
		52B9F5311D48942100427F9C /* NSString+Category.m in Sources */ = {isa = PBXBuildFile; fileRef = 52B9F4FF1D48942100427F9C /* NSString+Category.m */; };
		52B9F5321D48942100427F9C /* UIButton+Category.m in Sources */ = {isa = PBXBuildFile; fileRef = 52B9F5031D48942100427F9C /* UIButton+Category.m */; };
		52B9F5331D48942100427F9C /* UIColor+Category.m in Sources */ = {isa = PBXBuildFile; fileRef = 52B9F5061D48942100427F9C /* UIColor+Category.m */; };
		52B9F5341D48942100427F9C /* UIFont+Category.m in Sources */ = {isa = PBXBuildFile; fileRef = 52B9F5091D48942100427F9C /* UIFont+Category.m */; };
		52B9F5351D48942100427F9C /* UIImage+Category.m in Sources */ = {isa = PBXBuildFile; fileRef = 52B9F50C1D48942100427F9C /* UIImage+Category.m */; };
		52B9F5361D48942100427F9C /* UINavigationController+Category.m in Sources */ = {isa = PBXBuildFile; fileRef = 52B9F50F1D48942100427F9C /* UINavigationController+Category.m */; };
		52B9F5371D48942100427F9C /* UIScreen+Category.m in Sources */ = {isa = PBXBuildFile; fileRef = 52B9F5121D48942100427F9C /* UIScreen+Category.m */; };
		52B9F5381D48942100427F9C /* UIScrollView+Category.m in Sources */ = {isa = PBXBuildFile; fileRef = 52B9F5151D48942100427F9C /* UIScrollView+Category.m */; };
		52B9F5391D48942100427F9C /* UITableViewCell+Category.m in Sources */ = {isa = PBXBuildFile; fileRef = 52B9F5181D48942100427F9C /* UITableViewCell+Category.m */; };
		52B9F53A1D48942100427F9C /* UITextField+Category.m in Sources */ = {isa = PBXBuildFile; fileRef = 52B9F51B1D48942100427F9C /* UITextField+Category.m */; };
		52B9F53B1D48942100427F9C /* UITextView+Category.m in Sources */ = {isa = PBXBuildFile; fileRef = 52B9F51E1D48942100427F9C /* UITextView+Category.m */; };
		52B9F53C1D48942100427F9C /* UIView+Category.m in Sources */ = {isa = PBXBuildFile; fileRef = 52B9F5211D48942100427F9C /* UIView+Category.m */; };
		52B9F53D1D48942100427F9C /* UIViewController+Category.m in Sources */ = {isa = PBXBuildFile; fileRef = 52B9F5241D48942100427F9C /* UIViewController+Category.m */; };
		52B9F53E1D48942100427F9C /* UIWebView+Category.m in Sources */ = {isa = PBXBuildFile; fileRef = 52B9F5271D48942100427F9C /* UIWebView+Category.m */; };
		52B9F5411D48A15300427F9C /* BaseTabBarController.m in Sources */ = {isa = PBXBuildFile; fileRef = 52B9F5401D48A15300427F9C /* BaseTabBarController.m */; };
		52B9F5441D48B10B00427F9C /* AppFunctions.m in Sources */ = {isa = PBXBuildFile; fileRef = 52B9F5431D48B10B00427F9C /* AppFunctions.m */; };
		52B9F5481D48CAA700427F9C /* NSNumber+Category.m in Sources */ = {isa = PBXBuildFile; fileRef = 52B9F5471D48CAA700427F9C /* NSNumber+Category.m */; };
/* End PBXBuildFile section */

/* Begin PBXContainerItemProxy section */
		52A932401D2F471000D8ED2F /* PBXContainerItemProxy */ = {
			isa = PBXContainerItemProxy;
			containerPortal = 52A9321E1D2F471000D8ED2F /* Project object */;
			proxyType = 1;
			remoteGlobalIDString = 52A932251D2F471000D8ED2F;
			remoteInfo = My_iOS_Dev_Tools;
		};
		52A9324B1D2F471100D8ED2F /* PBXContainerItemProxy */ = {
			isa = PBXContainerItemProxy;
			containerPortal = 52A9321E1D2F471000D8ED2F /* Project object */;
			proxyType = 1;
			remoteGlobalIDString = 52A932251D2F471000D8ED2F;
			remoteInfo = My_iOS_Dev_Tools;
		};
/* End PBXContainerItemProxy section */

/* Begin PBXFileReference section */
		520E71E81D38D1E700DBFD12 /* RootVC.h */ = {isa = PBXFileReference; fileEncoding = 4; lastKnownFileType = sourcecode.c.h; path = RootVC.h; sourceTree = "<group>"; };
		520E71E91D38D1E700DBFD12 /* RootVC.m */ = {isa = PBXFileReference; fileEncoding = 4; lastKnownFileType = sourcecode.c.objc; path = RootVC.m; sourceTree = "<group>"; };
		526A48651D41E38C00EA0598 /* BaseViewController.h */ = {isa = PBXFileReference; fileEncoding = 4; lastKnownFileType = sourcecode.c.h; path = BaseViewController.h; sourceTree = "<group>"; };
		526A48661D41E38C00EA0598 /* BaseViewController.m */ = {isa = PBXFileReference; fileEncoding = 4; lastKnownFileType = sourcecode.c.objc; path = BaseViewController.m; sourceTree = "<group>"; };
		526A48681D41E3A800EA0598 /* BaseTableViewController.h */ = {isa = PBXFileReference; fileEncoding = 4; lastKnownFileType = sourcecode.c.h; path = BaseTableViewController.h; sourceTree = "<group>"; };
		526A48691D41E3A800EA0598 /* BaseTableViewController.m */ = {isa = PBXFileReference; fileEncoding = 4; lastKnownFileType = sourcecode.c.objc; path = BaseTableViewController.m; sourceTree = "<group>"; };
		526A486E1D41E3CE00EA0598 /* BaseCollectionViewController.h */ = {isa = PBXFileReference; fileEncoding = 4; lastKnownFileType = sourcecode.c.h; path = BaseCollectionViewController.h; sourceTree = "<group>"; };
		526A486F1D41E3CE00EA0598 /* BaseCollectionViewController.m */ = {isa = PBXFileReference; fileEncoding = 4; lastKnownFileType = sourcecode.c.objc; path = BaseCollectionViewController.m; sourceTree = "<group>"; };
		526A48711D41E3E000EA0598 /* BaseWebViewController.h */ = {isa = PBXFileReference; fileEncoding = 4; lastKnownFileType = sourcecode.c.h; path = BaseWebViewController.h; sourceTree = "<group>"; };
		526A48721D41E3E000EA0598 /* BaseWebViewController.m */ = {isa = PBXFileReference; fileEncoding = 4; lastKnownFileType = sourcecode.c.objc; path = BaseWebViewController.m; sourceTree = "<group>"; };
		526A48741D41E3FA00EA0598 /* BaseNavigationController.h */ = {isa = PBXFileReference; fileEncoding = 4; lastKnownFileType = sourcecode.c.h; path = BaseNavigationController.h; sourceTree = "<group>"; };
		526A48751D41E3FA00EA0598 /* BaseNavigationController.m */ = {isa = PBXFileReference; fileEncoding = 4; lastKnownFileType = sourcecode.c.objc; path = BaseNavigationController.m; sourceTree = "<group>"; };
		526A49D31D41FAD600EA0598 /* ChineseToPinyin.h */ = {isa = PBXFileReference; fileEncoding = 4; lastKnownFileType = sourcecode.c.h; path = ChineseToPinyin.h; sourceTree = "<group>"; };
		526A49D41D41FAD600EA0598 /* ChineseToPinyin.m */ = {isa = PBXFileReference; fileEncoding = 4; lastKnownFileType = sourcecode.c.objc; path = ChineseToPinyin.m; sourceTree = "<group>"; };
		526A49DD1D41FEF200EA0598 /* NSString+ThreeDES.h */ = {isa = PBXFileReference; fileEncoding = 4; lastKnownFileType = sourcecode.c.h; path = "NSString+ThreeDES.h"; sourceTree = "<group>"; };
		526A49DE1D41FEF200EA0598 /* NSString+ThreeDES.m */ = {isa = PBXFileReference; fileEncoding = 4; lastKnownFileType = sourcecode.c.objc; path = "NSString+ThreeDES.m"; sourceTree = "<group>"; };
		526A49E01D41FEF200EA0598 /* GTMBase64.h */ = {isa = PBXFileReference; fileEncoding = 4; lastKnownFileType = sourcecode.c.h; path = GTMBase64.h; sourceTree = "<group>"; };
		526A49E11D41FEF200EA0598 /* GTMBase64.m */ = {isa = PBXFileReference; fileEncoding = 4; lastKnownFileType = sourcecode.c.objc; path = GTMBase64.m; sourceTree = "<group>"; };
		526A49E21D41FEF200EA0598 /* GTMDefines.h */ = {isa = PBXFileReference; fileEncoding = 4; lastKnownFileType = sourcecode.c.h; path = GTMDefines.h; sourceTree = "<group>"; };
		526A49E31D41FEF200EA0598 /* README.md */ = {isa = PBXFileReference; fileEncoding = 4; lastKnownFileType = net.daringfireball.markdown; path = README.md; sourceTree = "<group>"; };
		52A932261D2F471000D8ED2F /* My_iOS_Dev_Tools.app */ = {isa = PBXFileReference; explicitFileType = wrapper.application; includeInIndex = 0; path = My_iOS_Dev_Tools.app; sourceTree = BUILT_PRODUCTS_DIR; };
		52A9322A1D2F471000D8ED2F /* main.m */ = {isa = PBXFileReference; lastKnownFileType = sourcecode.c.objc; path = main.m; sourceTree = "<group>"; };
		52A9322C1D2F471000D8ED2F /* AppDelegate.h */ = {isa = PBXFileReference; lastKnownFileType = sourcecode.c.h; path = AppDelegate.h; sourceTree = "<group>"; };
		52A9322D1D2F471000D8ED2F /* AppDelegate.m */ = {isa = PBXFileReference; lastKnownFileType = sourcecode.c.objc; path = AppDelegate.m; sourceTree = "<group>"; };
		52A932351D2F471000D8ED2F /* Assets.xcassets */ = {isa = PBXFileReference; lastKnownFileType = folder.assetcatalog; path = Assets.xcassets; sourceTree = "<group>"; };
		52A932381D2F471000D8ED2F /* Base */ = {isa = PBXFileReference; lastKnownFileType = file.storyboard; name = Base; path = Base.lproj/LaunchScreen.storyboard; sourceTree = "<group>"; };
		52A9323A1D2F471000D8ED2F /* Info.plist */ = {isa = PBXFileReference; lastKnownFileType = text.plist.xml; path = Info.plist; sourceTree = "<group>"; };
		52A9323F1D2F471000D8ED2F /* My_iOS_Dev_ToolsTests.xctest */ = {isa = PBXFileReference; explicitFileType = wrapper.cfbundle; includeInIndex = 0; path = My_iOS_Dev_ToolsTests.xctest; sourceTree = BUILT_PRODUCTS_DIR; };
		52A932431D2F471100D8ED2F /* My_iOS_Dev_ToolsTests.m */ = {isa = PBXFileReference; lastKnownFileType = sourcecode.c.objc; path = My_iOS_Dev_ToolsTests.m; sourceTree = "<group>"; };
		52A932451D2F471100D8ED2F /* Info.plist */ = {isa = PBXFileReference; lastKnownFileType = text.plist.xml; path = Info.plist; sourceTree = "<group>"; };
		52A9324A1D2F471100D8ED2F /* My_iOS_Dev_ToolsUITests.xctest */ = {isa = PBXFileReference; explicitFileType = wrapper.cfbundle; includeInIndex = 0; path = My_iOS_Dev_ToolsUITests.xctest; sourceTree = BUILT_PRODUCTS_DIR; };
		52A9324E1D2F471100D8ED2F /* My_iOS_Dev_ToolsUITests.m */ = {isa = PBXFileReference; lastKnownFileType = sourcecode.c.objc; path = My_iOS_Dev_ToolsUITests.m; sourceTree = "<group>"; };
		52A932501D2F471100D8ED2F /* Info.plist */ = {isa = PBXFileReference; lastKnownFileType = text.plist.xml; path = Info.plist; sourceTree = "<group>"; };
		52AEE2FA1D336D4700252609 /* PrefixHeader.pch */ = {isa = PBXFileReference; lastKnownFileType = sourcecode.c.h; path = PrefixHeader.pch; sourceTree = "<group>"; };
		52AEE2FB1D336D7900252609 /* AppMacros.h */ = {isa = PBXFileReference; lastKnownFileType = sourcecode.c.h; path = AppMacros.h; sourceTree = "<group>"; };
		52AEE2FD1D336E2C00252609 /* AppConsts.h */ = {isa = PBXFileReference; fileEncoding = 4; lastKnownFileType = sourcecode.c.h; path = AppConsts.h; sourceTree = "<group>"; };
		52AEE2FE1D336E2C00252609 /* AppConsts.m */ = {isa = PBXFileReference; fileEncoding = 4; lastKnownFileType = sourcecode.c.objc; path = AppConsts.m; sourceTree = "<group>"; };
		52B9F4E31D48942100427F9C /* NSArray+Category.h */ = {isa = PBXFileReference; fileEncoding = 4; lastKnownFileType = sourcecode.c.h; path = "NSArray+Category.h"; sourceTree = "<group>"; };
		52B9F4E41D48942100427F9C /* NSArray+Category.m */ = {isa = PBXFileReference; fileEncoding = 4; lastKnownFileType = sourcecode.c.objc; path = "NSArray+Category.m"; sourceTree = "<group>"; };
		52B9F4E61D48942100427F9C /* NSAttributedString+Category.h */ = {isa = PBXFileReference; fileEncoding = 4; lastKnownFileType = sourcecode.c.h; path = "NSAttributedString+Category.h"; sourceTree = "<group>"; };
		52B9F4E71D48942100427F9C /* NSAttributedString+Category.m */ = {isa = PBXFileReference; fileEncoding = 4; lastKnownFileType = sourcecode.c.objc; path = "NSAttributedString+Category.m"; sourceTree = "<group>"; };
		52B9F4E81D48942100427F9C /* NSMutableAttributedString+Category.h */ = {isa = PBXFileReference; fileEncoding = 4; lastKnownFileType = sourcecode.c.h; path = "NSMutableAttributedString+Category.h"; sourceTree = "<group>"; };
		52B9F4E91D48942100427F9C /* NSMutableAttributedString+Category.m */ = {isa = PBXFileReference; fileEncoding = 4; lastKnownFileType = sourcecode.c.objc; path = "NSMutableAttributedString+Category.m"; sourceTree = "<group>"; };
		52B9F4EB1D48942100427F9C /* NSDate+Category.h */ = {isa = PBXFileReference; fileEncoding = 4; lastKnownFileType = sourcecode.c.h; path = "NSDate+Category.h"; sourceTree = "<group>"; };
		52B9F4EC1D48942100427F9C /* NSDate+Category.m */ = {isa = PBXFileReference; fileEncoding = 4; lastKnownFileType = sourcecode.c.objc; path = "NSDate+Category.m"; sourceTree = "<group>"; };
		52B9F4EE1D48942100427F9C /* NSDictionary+Category.h */ = {isa = PBXFileReference; fileEncoding = 4; lastKnownFileType = sourcecode.c.h; path = "NSDictionary+Category.h"; sourceTree = "<group>"; };
		52B9F4EF1D48942100427F9C /* NSDictionary+Category.m */ = {isa = PBXFileReference; fileEncoding = 4; lastKnownFileType = sourcecode.c.objc; path = "NSDictionary+Category.m"; sourceTree = "<group>"; };
		52B9F4F11D48942100427F9C /* NSJSONSerialization+Category.h */ = {isa = PBXFileReference; fileEncoding = 4; lastKnownFileType = sourcecode.c.h; path = "NSJSONSerialization+Category.h"; sourceTree = "<group>"; };
		52B9F4F21D48942100427F9C /* NSJSONSerialization+Category.m */ = {isa = PBXFileReference; fileEncoding = 4; lastKnownFileType = sourcecode.c.objc; path = "NSJSONSerialization+Category.m"; sourceTree = "<group>"; };
		52B9F4F41D48942100427F9C /* NSMutableArray+Category.h */ = {isa = PBXFileReference; fileEncoding = 4; lastKnownFileType = sourcecode.c.h; path = "NSMutableArray+Category.h"; sourceTree = "<group>"; };
		52B9F4F51D48942100427F9C /* NSMutableArray+Category.m */ = {isa = PBXFileReference; fileEncoding = 4; lastKnownFileType = sourcecode.c.objc; path = "NSMutableArray+Category.m"; sourceTree = "<group>"; };
		52B9F4F81D48942100427F9C /* NSMutableDictionary+Category.h */ = {isa = PBXFileReference; fileEncoding = 4; lastKnownFileType = sourcecode.c.h; path = "NSMutableDictionary+Category.h"; sourceTree = "<group>"; };
		52B9F4F91D48942100427F9C /* NSMutableDictionary+Category.m */ = {isa = PBXFileReference; fileEncoding = 4; lastKnownFileType = sourcecode.c.objc; path = "NSMutableDictionary+Category.m"; sourceTree = "<group>"; };
		52B9F4FB1D48942100427F9C /* NSMutableString+Category.h */ = {isa = PBXFileReference; fileEncoding = 4; lastKnownFileType = sourcecode.c.h; path = "NSMutableString+Category.h"; sourceTree = "<group>"; };
		52B9F4FC1D48942100427F9C /* NSMutableString+Category.m */ = {isa = PBXFileReference; fileEncoding = 4; lastKnownFileType = sourcecode.c.objc; path = "NSMutableString+Category.m"; sourceTree = "<group>"; };
		52B9F4FE1D48942100427F9C /* NSString+Category.h */ = {isa = PBXFileReference; fileEncoding = 4; lastKnownFileType = sourcecode.c.h; path = "NSString+Category.h"; sourceTree = "<group>"; };
		52B9F4FF1D48942100427F9C /* NSString+Category.m */ = {isa = PBXFileReference; fileEncoding = 4; lastKnownFileType = sourcecode.c.objc; path = "NSString+Category.m"; sourceTree = "<group>"; };
		52B9F5021D48942100427F9C /* UIButton+Category.h */ = {isa = PBXFileReference; fileEncoding = 4; lastKnownFileType = sourcecode.c.h; path = "UIButton+Category.h"; sourceTree = "<group>"; };
		52B9F5031D48942100427F9C /* UIButton+Category.m */ = {isa = PBXFileReference; fileEncoding = 4; lastKnownFileType = sourcecode.c.objc; path = "UIButton+Category.m"; sourceTree = "<group>"; };
		52B9F5051D48942100427F9C /* UIColor+Category.h */ = {isa = PBXFileReference; fileEncoding = 4; lastKnownFileType = sourcecode.c.h; path = "UIColor+Category.h"; sourceTree = "<group>"; };
		52B9F5061D48942100427F9C /* UIColor+Category.m */ = {isa = PBXFileReference; fileEncoding = 4; lastKnownFileType = sourcecode.c.objc; path = "UIColor+Category.m"; sourceTree = "<group>"; };
		52B9F5081D48942100427F9C /* UIFont+Category.h */ = {isa = PBXFileReference; fileEncoding = 4; lastKnownFileType = sourcecode.c.h; path = "UIFont+Category.h"; sourceTree = "<group>"; };
		52B9F5091D48942100427F9C /* UIFont+Category.m */ = {isa = PBXFileReference; fileEncoding = 4; lastKnownFileType = sourcecode.c.objc; path = "UIFont+Category.m"; sourceTree = "<group>"; };
		52B9F50B1D48942100427F9C /* UIImage+Category.h */ = {isa = PBXFileReference; fileEncoding = 4; lastKnownFileType = sourcecode.c.h; path = "UIImage+Category.h"; sourceTree = "<group>"; };
		52B9F50C1D48942100427F9C /* UIImage+Category.m */ = {isa = PBXFileReference; fileEncoding = 4; lastKnownFileType = sourcecode.c.objc; path = "UIImage+Category.m"; sourceTree = "<group>"; };
		52B9F50E1D48942100427F9C /* UINavigationController+Category.h */ = {isa = PBXFileReference; fileEncoding = 4; lastKnownFileType = sourcecode.c.h; path = "UINavigationController+Category.h"; sourceTree = "<group>"; };
		52B9F50F1D48942100427F9C /* UINavigationController+Category.m */ = {isa = PBXFileReference; fileEncoding = 4; lastKnownFileType = sourcecode.c.objc; path = "UINavigationController+Category.m"; sourceTree = "<group>"; };
		52B9F5111D48942100427F9C /* UIScreen+Category.h */ = {isa = PBXFileReference; fileEncoding = 4; lastKnownFileType = sourcecode.c.h; path = "UIScreen+Category.h"; sourceTree = "<group>"; };
		52B9F5121D48942100427F9C /* UIScreen+Category.m */ = {isa = PBXFileReference; fileEncoding = 4; lastKnownFileType = sourcecode.c.objc; path = "UIScreen+Category.m"; sourceTree = "<group>"; };
		52B9F5141D48942100427F9C /* UIScrollView+Category.h */ = {isa = PBXFileReference; fileEncoding = 4; lastKnownFileType = sourcecode.c.h; path = "UIScrollView+Category.h"; sourceTree = "<group>"; };
		52B9F5151D48942100427F9C /* UIScrollView+Category.m */ = {isa = PBXFileReference; fileEncoding = 4; lastKnownFileType = sourcecode.c.objc; path = "UIScrollView+Category.m"; sourceTree = "<group>"; };
		52B9F5171D48942100427F9C /* UITableViewCell+Category.h */ = {isa = PBXFileReference; fileEncoding = 4; lastKnownFileType = sourcecode.c.h; path = "UITableViewCell+Category.h"; sourceTree = "<group>"; };
		52B9F5181D48942100427F9C /* UITableViewCell+Category.m */ = {isa = PBXFileReference; fileEncoding = 4; lastKnownFileType = sourcecode.c.objc; path = "UITableViewCell+Category.m"; sourceTree = "<group>"; };
		52B9F51A1D48942100427F9C /* UITextField+Category.h */ = {isa = PBXFileReference; fileEncoding = 4; lastKnownFileType = sourcecode.c.h; path = "UITextField+Category.h"; sourceTree = "<group>"; };
		52B9F51B1D48942100427F9C /* UITextField+Category.m */ = {isa = PBXFileReference; fileEncoding = 4; lastKnownFileType = sourcecode.c.objc; path = "UITextField+Category.m"; sourceTree = "<group>"; };
		52B9F51D1D48942100427F9C /* UITextView+Category.h */ = {isa = PBXFileReference; fileEncoding = 4; lastKnownFileType = sourcecode.c.h; path = "UITextView+Category.h"; sourceTree = "<group>"; };
		52B9F51E1D48942100427F9C /* UITextView+Category.m */ = {isa = PBXFileReference; fileEncoding = 4; lastKnownFileType = sourcecode.c.objc; path = "UITextView+Category.m"; sourceTree = "<group>"; };
		52B9F5201D48942100427F9C /* UIView+Category.h */ = {isa = PBXFileReference; fileEncoding = 4; lastKnownFileType = sourcecode.c.h; path = "UIView+Category.h"; sourceTree = "<group>"; };
		52B9F5211D48942100427F9C /* UIView+Category.m */ = {isa = PBXFileReference; fileEncoding = 4; lastKnownFileType = sourcecode.c.objc; path = "UIView+Category.m"; sourceTree = "<group>"; };
		52B9F5231D48942100427F9C /* UIViewController+Category.h */ = {isa = PBXFileReference; fileEncoding = 4; lastKnownFileType = sourcecode.c.h; path = "UIViewController+Category.h"; sourceTree = "<group>"; };
		52B9F5241D48942100427F9C /* UIViewController+Category.m */ = {isa = PBXFileReference; fileEncoding = 4; lastKnownFileType = sourcecode.c.objc; path = "UIViewController+Category.m"; sourceTree = "<group>"; };
		52B9F5261D48942100427F9C /* UIWebView+Category.h */ = {isa = PBXFileReference; fileEncoding = 4; lastKnownFileType = sourcecode.c.h; path = "UIWebView+Category.h"; sourceTree = "<group>"; };
		52B9F5271D48942100427F9C /* UIWebView+Category.m */ = {isa = PBXFileReference; fileEncoding = 4; lastKnownFileType = sourcecode.c.objc; path = "UIWebView+Category.m"; sourceTree = "<group>"; };
		52B9F53F1D48A15300427F9C /* BaseTabBarController.h */ = {isa = PBXFileReference; fileEncoding = 4; lastKnownFileType = sourcecode.c.h; path = BaseTabBarController.h; sourceTree = "<group>"; };
		52B9F5401D48A15300427F9C /* BaseTabBarController.m */ = {isa = PBXFileReference; fileEncoding = 4; lastKnownFileType = sourcecode.c.objc; path = BaseTabBarController.m; sourceTree = "<group>"; };
		52B9F5421D48B10B00427F9C /* AppFunctions.h */ = {isa = PBXFileReference; fileEncoding = 4; lastKnownFileType = sourcecode.c.h; path = AppFunctions.h; sourceTree = "<group>"; };
		52B9F5431D48B10B00427F9C /* AppFunctions.m */ = {isa = PBXFileReference; fileEncoding = 4; lastKnownFileType = sourcecode.c.objc; path = AppFunctions.m; sourceTree = "<group>"; };
		52B9F5461D48CAA700427F9C /* NSNumber+Category.h */ = {isa = PBXFileReference; fileEncoding = 4; lastKnownFileType = sourcecode.c.h; path = "NSNumber+Category.h"; sourceTree = "<group>"; };
		52B9F5471D48CAA700427F9C /* NSNumber+Category.m */ = {isa = PBXFileReference; fileEncoding = 4; lastKnownFileType = sourcecode.c.objc; path = "NSNumber+Category.m"; sourceTree = "<group>"; };
/* End PBXFileReference section */

/* Begin PBXFrameworksBuildPhase section */
		52A932231D2F471000D8ED2F /* Frameworks */ = {
			isa = PBXFrameworksBuildPhase;
			buildActionMask = 2147483647;
			files = (
			);
			runOnlyForDeploymentPostprocessing = 0;
		};
		52A9323C1D2F471000D8ED2F /* Frameworks */ = {
			isa = PBXFrameworksBuildPhase;
			buildActionMask = 2147483647;
			files = (
			);
			runOnlyForDeploymentPostprocessing = 0;
		};
		52A932471D2F471100D8ED2F /* Frameworks */ = {
			isa = PBXFrameworksBuildPhase;
			buildActionMask = 2147483647;
			files = (
			);
			runOnlyForDeploymentPostprocessing = 0;
		};
/* End PBXFrameworksBuildPhase section */

/* Begin PBXGroup section */
		526A48621D41E37600EA0598 /* Base */ = {
			isa = PBXGroup;
			children = (
				526A48631D41E37600EA0598 /* BaseController */,
				526A48641D41E37600EA0598 /* BaseModel */,
			);
			path = Base;
			sourceTree = "<group>";
		};
		526A48631D41E37600EA0598 /* BaseController */ = {
			isa = PBXGroup;
			children = (
				526A48651D41E38C00EA0598 /* BaseViewController.h */,
				526A48661D41E38C00EA0598 /* BaseViewController.m */,
				526A48681D41E3A800EA0598 /* BaseTableViewController.h */,
				526A48691D41E3A800EA0598 /* BaseTableViewController.m */,
				526A486E1D41E3CE00EA0598 /* BaseCollectionViewController.h */,
				526A486F1D41E3CE00EA0598 /* BaseCollectionViewController.m */,
				526A48711D41E3E000EA0598 /* BaseWebViewController.h */,
				526A48721D41E3E000EA0598 /* BaseWebViewController.m */,
				526A48741D41E3FA00EA0598 /* BaseNavigationController.h */,
				526A48751D41E3FA00EA0598 /* BaseNavigationController.m */,
				52B9F53F1D48A15300427F9C /* BaseTabBarController.h */,
				52B9F5401D48A15300427F9C /* BaseTabBarController.m */,
			);
			path = BaseController;
			sourceTree = "<group>";
		};
		526A48641D41E37600EA0598 /* BaseModel */ = {
			isa = PBXGroup;
			children = (
			);
			path = BaseModel;
			sourceTree = "<group>";
		};
		526A48771D41E47E00EA0598 /* Cache */ = {
			isa = PBXGroup;
			children = (
			);
			path = Cache;
			sourceTree = "<group>";
		};
		526A48781D41E47E00EA0598 /* Network */ = {
			isa = PBXGroup;
			children = (
			);
			path = Network;
			sourceTree = "<group>";
		};
		526A487D1D41E65D00EA0598 /* Encrypt */ = {
			isa = PBXGroup;
			children = (
				526A49DC1D41FEF200EA0598 /* 3DES */,
				526A49DF1D41FEF200EA0598 /* Base64 */,
			);
			path = Encrypt;
			sourceTree = "<group>";
		};
		526A49CB1D41EAAF00EA0598 /* AlertView */ = {
			isa = PBXGroup;
			children = (
			);
			path = AlertView;
			sourceTree = "<group>";
		};
		526A49CC1D41EAAF00EA0598 /* Button */ = {
			isa = PBXGroup;
			children = (
			);
			path = Button;
			sourceTree = "<group>";
		};
		526A49CD1D41EAAF00EA0598 /* Image */ = {
			isa = PBXGroup;
			children = (
			);
			path = Image;
			sourceTree = "<group>";
		};
		526A49CE1D41EAAF00EA0598 /* ImageView */ = {
			isa = PBXGroup;
			children = (
			);
			path = ImageView;
			sourceTree = "<group>";
		};
		526A49CF1D41EAAF00EA0598 /* Label */ = {
			isa = PBXGroup;
			children = (
			);
			path = Label;
			sourceTree = "<group>";
		};
		526A49D01D41EAAF00EA0598 /* TableViewCell */ = {
			isa = PBXGroup;
			children = (
			);
			path = TableViewCell;
			sourceTree = "<group>";
		};
		526A49D11D41EAAF00EA0598 /* TextField */ = {
			isa = PBXGroup;
			children = (
			);
			path = TextField;
			sourceTree = "<group>";
		};
		526A49D21D41FAD600EA0598 /* Localization  */ = {
			isa = PBXGroup;
			children = (
				526A49D31D41FAD600EA0598 /* ChineseToPinyin.h */,
				526A49D41D41FAD600EA0598 /* ChineseToPinyin.m */,
			);
			path = "Localization ";
			sourceTree = "<group>";
		};
		526A49DC1D41FEF200EA0598 /* 3DES */ = {
			isa = PBXGroup;
			children = (
				526A49DD1D41FEF200EA0598 /* NSString+ThreeDES.h */,
				526A49DE1D41FEF200EA0598 /* NSString+ThreeDES.m */,
			);
			path = 3DES;
			sourceTree = "<group>";
		};
		526A49DF1D41FEF200EA0598 /* Base64 */ = {
			isa = PBXGroup;
			children = (
				526A49E01D41FEF200EA0598 /* GTMBase64.h */,
				526A49E11D41FEF200EA0598 /* GTMBase64.m */,
				526A49E21D41FEF200EA0598 /* GTMDefines.h */,
				526A49E31D41FEF200EA0598 /* README.md */,
			);
			path = Base64;
			sourceTree = "<group>";
		};
		52A9321D1D2F471000D8ED2F = {
			isa = PBXGroup;
			children = (
				52A932281D2F471000D8ED2F /* My_iOS_Dev_Tools */,
				52A932421D2F471000D8ED2F /* My_iOS_Dev_ToolsTests */,
				52A9324D1D2F471100D8ED2F /* My_iOS_Dev_ToolsUITests */,
				52A932271D2F471000D8ED2F /* Products */,
			);
			sourceTree = "<group>";
		};
		52A932271D2F471000D8ED2F /* Products */ = {
			isa = PBXGroup;
			children = (
				52A932261D2F471000D8ED2F /* My_iOS_Dev_Tools.app */,
				52A9323F1D2F471000D8ED2F /* My_iOS_Dev_ToolsTests.xctest */,
				52A9324A1D2F471100D8ED2F /* My_iOS_Dev_ToolsUITests.xctest */,
			);
			name = Products;
			sourceTree = "<group>";
		};
		52A932281D2F471000D8ED2F /* My_iOS_Dev_Tools */ = {
			isa = PBXGroup;
			children = (
				52A9322C1D2F471000D8ED2F /* AppDelegate.h */,
				52A9322D1D2F471000D8ED2F /* AppDelegate.m */,
				520E71E81D38D1E700DBFD12 /* RootVC.h */,
				520E71E91D38D1E700DBFD12 /* RootVC.m */,
				52AEE2FA1D336D4700252609 /* PrefixHeader.pch */,
				52AEE2FB1D336D7900252609 /* AppMacros.h */,
				52AEE2FD1D336E2C00252609 /* AppConsts.h */,
				52AEE2FE1D336E2C00252609 /* AppConsts.m */,
				52B9F5421D48B10B00427F9C /* AppFunctions.h */,
				52B9F5431D48B10B00427F9C /* AppFunctions.m */,
				526A48621D41E37600EA0598 /* Base */,
				52A932611D2FAF7400D8ED2F /* Category */,
				52A932641D2FAF7400D8ED2F /* Tools */,
				52A932651D2FAF7400D8ED2F /* Views */,
				52A932291D2F471000D8ED2F /* Supporting Files */,
			);
			path = My_iOS_Dev_Tools;
			sourceTree = "<group>";
		};
		52A932291D2F471000D8ED2F /* Supporting Files */ = {
			isa = PBXGroup;
			children = (
				52A932351D2F471000D8ED2F /* Assets.xcassets */,
				52A932371D2F471000D8ED2F /* LaunchScreen.storyboard */,
				52A9323A1D2F471000D8ED2F /* Info.plist */,
				52A9322A1D2F471000D8ED2F /* main.m */,
			);
			name = "Supporting Files";
			sourceTree = "<group>";
		};
		52A932421D2F471000D8ED2F /* My_iOS_Dev_ToolsTests */ = {
			isa = PBXGroup;
			children = (
				52A932431D2F471100D8ED2F /* My_iOS_Dev_ToolsTests.m */,
				52A932451D2F471100D8ED2F /* Info.plist */,
			);
			path = My_iOS_Dev_ToolsTests;
			sourceTree = "<group>";
		};
		52A9324D1D2F471100D8ED2F /* My_iOS_Dev_ToolsUITests */ = {
			isa = PBXGroup;
			children = (
				52A9324E1D2F471100D8ED2F /* My_iOS_Dev_ToolsUITests.m */,
				52A932501D2F471100D8ED2F /* Info.plist */,
			);
			path = My_iOS_Dev_ToolsUITests;
			sourceTree = "<group>";
		};
		52A932611D2FAF7400D8ED2F /* Category */ = {
			isa = PBXGroup;
			children = (
				52B9F4E11D48942100427F9C /* Foundation */,
				52B9F5001D48942100427F9C /* UIKit */,
			);
			path = Category;
			sourceTree = "<group>";
		};
		52A932641D2FAF7400D8ED2F /* Tools */ = {
			isa = PBXGroup;
			children = (
				526A49D21D41FAD600EA0598 /* Localization  */,
				526A487D1D41E65D00EA0598 /* Encrypt */,
				526A48771D41E47E00EA0598 /* Cache */,
				526A48781D41E47E00EA0598 /* Network */,
			);
			path = Tools;
			sourceTree = "<group>";
		};
		52A932651D2FAF7400D8ED2F /* Views */ = {
			isa = PBXGroup;
			children = (
				526A49CB1D41EAAF00EA0598 /* AlertView */,
				526A49CC1D41EAAF00EA0598 /* Button */,
				526A49CD1D41EAAF00EA0598 /* Image */,
				526A49CE1D41EAAF00EA0598 /* ImageView */,
				526A49CF1D41EAAF00EA0598 /* Label */,
				526A49D01D41EAAF00EA0598 /* TableViewCell */,
				526A49D11D41EAAF00EA0598 /* TextField */,
			);
			path = Views;
			sourceTree = "<group>";
		};
		52B9F4E11D48942100427F9C /* Foundation */ = {
			isa = PBXGroup;
			children = (
				52B9F5451D48CA5300427F9C /* NSNumber */,
				52B9F4E21D48942100427F9C /* NSArray */,
				52B9F4E51D48942100427F9C /* NSAttributedString */,
				52B9F4EA1D48942100427F9C /* NSDate */,
				52B9F4ED1D48942100427F9C /* NSDictionary */,
				52B9F4F01D48942100427F9C /* NSJSONSerialization */,
				52B9F4F31D48942100427F9C /* NSMutableArray */,
				52B9F4F61D48942100427F9C /* NSMutableAttributedString */,
				52B9F4F71D48942100427F9C /* NSMutableDictionary */,
				52B9F4FA1D48942100427F9C /* NSMutableString */,
				52B9F4FD1D48942100427F9C /* NSString */,
			);
			path = Foundation;
			sourceTree = "<group>";
		};
		52B9F4E21D48942100427F9C /* NSArray */ = {
			isa = PBXGroup;
			children = (
				52B9F4E31D48942100427F9C /* NSArray+Category.h */,
				52B9F4E41D48942100427F9C /* NSArray+Category.m */,
			);
			path = NSArray;
			sourceTree = "<group>";
		};
		52B9F4E51D48942100427F9C /* NSAttributedString */ = {
			isa = PBXGroup;
			children = (
				52B9F4E61D48942100427F9C /* NSAttributedString+Category.h */,
				52B9F4E71D48942100427F9C /* NSAttributedString+Category.m */,
				52B9F4E81D48942100427F9C /* NSMutableAttributedString+Category.h */,
				52B9F4E91D48942100427F9C /* NSMutableAttributedString+Category.m */,
			);
			path = NSAttributedString;
			sourceTree = "<group>";
		};
		52B9F4EA1D48942100427F9C /* NSDate */ = {
			isa = PBXGroup;
			children = (
				52B9F4EB1D48942100427F9C /* NSDate+Category.h */,
				52B9F4EC1D48942100427F9C /* NSDate+Category.m */,
			);
			path = NSDate;
			sourceTree = "<group>";
		};
		52B9F4ED1D48942100427F9C /* NSDictionary */ = {
			isa = PBXGroup;
			children = (
				52B9F4EE1D48942100427F9C /* NSDictionary+Category.h */,
				52B9F4EF1D48942100427F9C /* NSDictionary+Category.m */,
			);
			path = NSDictionary;
			sourceTree = "<group>";
		};
		52B9F4F01D48942100427F9C /* NSJSONSerialization */ = {
			isa = PBXGroup;
			children = (
				52B9F4F11D48942100427F9C /* NSJSONSerialization+Category.h */,
				52B9F4F21D48942100427F9C /* NSJSONSerialization+Category.m */,
			);
			path = NSJSONSerialization;
			sourceTree = "<group>";
		};
		52B9F4F31D48942100427F9C /* NSMutableArray */ = {
			isa = PBXGroup;
			children = (
				52B9F4F41D48942100427F9C /* NSMutableArray+Category.h */,
				52B9F4F51D48942100427F9C /* NSMutableArray+Category.m */,
			);
			path = NSMutableArray;
			sourceTree = "<group>";
		};
		52B9F4F61D48942100427F9C /* NSMutableAttributedString */ = {
			isa = PBXGroup;
			children = (
			);
			path = NSMutableAttributedString;
			sourceTree = "<group>";
		};
		52B9F4F71D48942100427F9C /* NSMutableDictionary */ = {
			isa = PBXGroup;
			children = (
				52B9F4F81D48942100427F9C /* NSMutableDictionary+Category.h */,
				52B9F4F91D48942100427F9C /* NSMutableDictionary+Category.m */,
			);
			path = NSMutableDictionary;
			sourceTree = "<group>";
		};
		52B9F4FA1D48942100427F9C /* NSMutableString */ = {
			isa = PBXGroup;
			children = (
				52B9F4FB1D48942100427F9C /* NSMutableString+Category.h */,
				52B9F4FC1D48942100427F9C /* NSMutableString+Category.m */,
			);
			path = NSMutableString;
			sourceTree = "<group>";
		};
		52B9F4FD1D48942100427F9C /* NSString */ = {
			isa = PBXGroup;
			children = (
				52B9F4FE1D48942100427F9C /* NSString+Category.h */,
				52B9F4FF1D48942100427F9C /* NSString+Category.m */,
			);
			path = NSString;
			sourceTree = "<group>";
		};
		52B9F5001D48942100427F9C /* UIKit */ = {
			isa = PBXGroup;
			children = (
				52B9F5011D48942100427F9C /* UIButton */,
				52B9F5041D48942100427F9C /* UIColor */,
				52B9F5071D48942100427F9C /* UIFont */,
				52B9F50A1D48942100427F9C /* UIImage */,
				52B9F50D1D48942100427F9C /* UINavigationController */,
				52B9F5101D48942100427F9C /* UIScreen */,
				52B9F5131D48942100427F9C /* UIScrollView */,
				52B9F5161D48942100427F9C /* UITableViewCell */,
				52B9F5191D48942100427F9C /* UITextField */,
				52B9F51C1D48942100427F9C /* UITextView */,
				52B9F51F1D48942100427F9C /* UIView */,
				52B9F5221D48942100427F9C /* UIViewController */,
				52B9F5251D48942100427F9C /* UIWebView */,
			);
			path = UIKit;
			sourceTree = "<group>";
		};
		52B9F5011D48942100427F9C /* UIButton */ = {
			isa = PBXGroup;
			children = (
				52B9F5021D48942100427F9C /* UIButton+Category.h */,
				52B9F5031D48942100427F9C /* UIButton+Category.m */,
			);
			path = UIButton;
			sourceTree = "<group>";
		};
		52B9F5041D48942100427F9C /* UIColor */ = {
			isa = PBXGroup;
			children = (
				52B9F5051D48942100427F9C /* UIColor+Category.h */,
				52B9F5061D48942100427F9C /* UIColor+Category.m */,
			);
			path = UIColor;
			sourceTree = "<group>";
		};
		52B9F5071D48942100427F9C /* UIFont */ = {
			isa = PBXGroup;
			children = (
				52B9F5081D48942100427F9C /* UIFont+Category.h */,
				52B9F5091D48942100427F9C /* UIFont+Category.m */,
			);
			path = UIFont;
			sourceTree = "<group>";
		};
		52B9F50A1D48942100427F9C /* UIImage */ = {
			isa = PBXGroup;
			children = (
				52B9F50B1D48942100427F9C /* UIImage+Category.h */,
				52B9F50C1D48942100427F9C /* UIImage+Category.m */,
			);
			path = UIImage;
			sourceTree = "<group>";
		};
		52B9F50D1D48942100427F9C /* UINavigationController */ = {
			isa = PBXGroup;
			children = (
				52B9F50E1D48942100427F9C /* UINavigationController+Category.h */,
				52B9F50F1D48942100427F9C /* UINavigationController+Category.m */,
			);
			path = UINavigationController;
			sourceTree = "<group>";
		};
		52B9F5101D48942100427F9C /* UIScreen */ = {
			isa = PBXGroup;
			children = (
				52B9F5111D48942100427F9C /* UIScreen+Category.h */,
				52B9F5121D48942100427F9C /* UIScreen+Category.m */,
			);
			path = UIScreen;
			sourceTree = "<group>";
		};
		52B9F5131D48942100427F9C /* UIScrollView */ = {
			isa = PBXGroup;
			children = (
				52B9F5141D48942100427F9C /* UIScrollView+Category.h */,
				52B9F5151D48942100427F9C /* UIScrollView+Category.m */,
			);
			path = UIScrollView;
			sourceTree = "<group>";
		};
		52B9F5161D48942100427F9C /* UITableViewCell */ = {
			isa = PBXGroup;
			children = (
				52B9F5171D48942100427F9C /* UITableViewCell+Category.h */,
				52B9F5181D48942100427F9C /* UITableViewCell+Category.m */,
			);
			path = UITableViewCell;
			sourceTree = "<group>";
		};
		52B9F5191D48942100427F9C /* UITextField */ = {
			isa = PBXGroup;
			children = (
				52B9F51A1D48942100427F9C /* UITextField+Category.h */,
				52B9F51B1D48942100427F9C /* UITextField+Category.m */,
			);
			path = UITextField;
			sourceTree = "<group>";
		};
		52B9F51C1D48942100427F9C /* UITextView */ = {
			isa = PBXGroup;
			children = (
				52B9F51D1D48942100427F9C /* UITextView+Category.h */,
				52B9F51E1D48942100427F9C /* UITextView+Category.m */,
			);
			path = UITextView;
			sourceTree = "<group>";
		};
		52B9F51F1D48942100427F9C /* UIView */ = {
			isa = PBXGroup;
			children = (
				52B9F5201D48942100427F9C /* UIView+Category.h */,
				52B9F5211D48942100427F9C /* UIView+Category.m */,
			);
			path = UIView;
			sourceTree = "<group>";
		};
		52B9F5221D48942100427F9C /* UIViewController */ = {
			isa = PBXGroup;
			children = (
				52B9F5231D48942100427F9C /* UIViewController+Category.h */,
				52B9F5241D48942100427F9C /* UIViewController+Category.m */,
			);
			path = UIViewController;
			sourceTree = "<group>";
		};
		52B9F5251D48942100427F9C /* UIWebView */ = {
			isa = PBXGroup;
			children = (
				52B9F5261D48942100427F9C /* UIWebView+Category.h */,
				52B9F5271D48942100427F9C /* UIWebView+Category.m */,
			);
			path = UIWebView;
			sourceTree = "<group>";
		};
		52B9F5451D48CA5300427F9C /* NSNumber */ = {
			isa = PBXGroup;
			children = (
				52B9F5461D48CAA700427F9C /* NSNumber+Category.h */,
				52B9F5471D48CAA700427F9C /* NSNumber+Category.m */,
			);
			path = NSNumber;
			sourceTree = "<group>";
		};
/* End PBXGroup section */

/* Begin PBXNativeTarget section */
		52A932251D2F471000D8ED2F /* My_iOS_Dev_Tools */ = {
			isa = PBXNativeTarget;
			buildConfigurationList = 52A932531D2F471100D8ED2F /* Build configuration list for PBXNativeTarget "My_iOS_Dev_Tools" */;
			buildPhases = (
				52A932221D2F471000D8ED2F /* Sources */,
				52A932231D2F471000D8ED2F /* Frameworks */,
				52A932241D2F471000D8ED2F /* Resources */,
			);
			buildRules = (
			);
			dependencies = (
			);
			name = My_iOS_Dev_Tools;
			productName = My_iOS_Dev_Tools;
			productReference = 52A932261D2F471000D8ED2F /* My_iOS_Dev_Tools.app */;
			productType = "com.apple.product-type.application";
		};
		52A9323E1D2F471000D8ED2F /* My_iOS_Dev_ToolsTests */ = {
			isa = PBXNativeTarget;
			buildConfigurationList = 52A932561D2F471100D8ED2F /* Build configuration list for PBXNativeTarget "My_iOS_Dev_ToolsTests" */;
			buildPhases = (
				52A9323B1D2F471000D8ED2F /* Sources */,
				52A9323C1D2F471000D8ED2F /* Frameworks */,
				52A9323D1D2F471000D8ED2F /* Resources */,
			);
			buildRules = (
			);
			dependencies = (
				52A932411D2F471000D8ED2F /* PBXTargetDependency */,
			);
			name = My_iOS_Dev_ToolsTests;
			productName = My_iOS_Dev_ToolsTests;
			productReference = 52A9323F1D2F471000D8ED2F /* My_iOS_Dev_ToolsTests.xctest */;
			productType = "com.apple.product-type.bundle.unit-test";
		};
		52A932491D2F471100D8ED2F /* My_iOS_Dev_ToolsUITests */ = {
			isa = PBXNativeTarget;
			buildConfigurationList = 52A932591D2F471100D8ED2F /* Build configuration list for PBXNativeTarget "My_iOS_Dev_ToolsUITests" */;
			buildPhases = (
				52A932461D2F471100D8ED2F /* Sources */,
				52A932471D2F471100D8ED2F /* Frameworks */,
				52A932481D2F471100D8ED2F /* Resources */,
			);
			buildRules = (
			);
			dependencies = (
				52A9324C1D2F471100D8ED2F /* PBXTargetDependency */,
			);
			name = My_iOS_Dev_ToolsUITests;
			productName = My_iOS_Dev_ToolsUITests;
			productReference = 52A9324A1D2F471100D8ED2F /* My_iOS_Dev_ToolsUITests.xctest */;
			productType = "com.apple.product-type.bundle.ui-testing";
		};
/* End PBXNativeTarget section */

/* Begin PBXProject section */
		52A9321E1D2F471000D8ED2F /* Project object */ = {
			isa = PBXProject;
			attributes = {
				LastUpgradeCheck = 0730;
				ORGANIZATIONNAME = RenSihao;
				TargetAttributes = {
					52A932251D2F471000D8ED2F = {
						CreatedOnToolsVersion = 7.3.1;
						DevelopmentTeam = T2HF943549;
					};
					52A9323E1D2F471000D8ED2F = {
						CreatedOnToolsVersion = 7.3.1;
						DevelopmentTeam = T2HF943549;
						TestTargetID = 52A932251D2F471000D8ED2F;
					};
					52A932491D2F471100D8ED2F = {
						CreatedOnToolsVersion = 7.3.1;
						DevelopmentTeam = T2HF943549;
						TestTargetID = 52A932251D2F471000D8ED2F;
					};
				};
			};
			buildConfigurationList = 52A932211D2F471000D8ED2F /* Build configuration list for PBXProject "My_iOS_Dev_Tools" */;
			compatibilityVersion = "Xcode 3.2";
			developmentRegion = English;
			hasScannedForEncodings = 0;
			knownRegions = (
				en,
				Base,
			);
			mainGroup = 52A9321D1D2F471000D8ED2F;
			productRefGroup = 52A932271D2F471000D8ED2F /* Products */;
			projectDirPath = "";
			projectRoot = "";
			targets = (
				52A932251D2F471000D8ED2F /* My_iOS_Dev_Tools */,
				52A9323E1D2F471000D8ED2F /* My_iOS_Dev_ToolsTests */,
				52A932491D2F471100D8ED2F /* My_iOS_Dev_ToolsUITests */,
			);
		};
/* End PBXProject section */

/* Begin PBXResourcesBuildPhase section */
		52A932241D2F471000D8ED2F /* Resources */ = {
			isa = PBXResourcesBuildPhase;
			buildActionMask = 2147483647;
			files = (
				52A932391D2F471000D8ED2F /* LaunchScreen.storyboard in Resources */,
				52A932361D2F471000D8ED2F /* Assets.xcassets in Resources */,
			);
			runOnlyForDeploymentPostprocessing = 0;
		};
		52A9323D1D2F471000D8ED2F /* Resources */ = {
			isa = PBXResourcesBuildPhase;
			buildActionMask = 2147483647;
			files = (
			);
			runOnlyForDeploymentPostprocessing = 0;
		};
		52A932481D2F471100D8ED2F /* Resources */ = {
			isa = PBXResourcesBuildPhase;
			buildActionMask = 2147483647;
			files = (
			);
			runOnlyForDeploymentPostprocessing = 0;
		};
/* End PBXResourcesBuildPhase section */

/* Begin PBXSourcesBuildPhase section */
		52A932221D2F471000D8ED2F /* Sources */ = {
			isa = PBXSourcesBuildPhase;
			buildActionMask = 2147483647;
			files = (
				520E71EA1D38D1E700DBFD12 /* RootVC.m in Sources */,
				52B9F5281D48942100427F9C /* NSArray+Category.m in Sources */,
				526A48761D41E3FA00EA0598 /* BaseNavigationController.m in Sources */,
				52B9F5481D48CAA700427F9C /* NSNumber+Category.m in Sources */,
				52B9F5391D48942100427F9C /* UITableViewCell+Category.m in Sources */,
				52B9F53A1D48942100427F9C /* UITextField+Category.m in Sources */,
				52B9F5441D48B10B00427F9C /* AppFunctions.m in Sources */,
				52B9F5311D48942100427F9C /* NSString+Category.m in Sources */,
				526A48671D41E38C00EA0598 /* BaseViewController.m in Sources */,
				52B9F5351D48942100427F9C /* UIImage+Category.m in Sources */,
				52B9F5381D48942100427F9C /* UIScrollView+Category.m in Sources */,
				52B9F53E1D48942100427F9C /* UIWebView+Category.m in Sources */,
				526A49E51D41FEF200EA0598 /* GTMBase64.m in Sources */,
				52B9F52D1D48942100427F9C /* NSJSONSerialization+Category.m in Sources */,
				52B9F53B1D48942100427F9C /* UITextView+Category.m in Sources */,
				52B9F5321D48942100427F9C /* UIButton+Category.m in Sources */,
				52B9F5411D48A15300427F9C /* BaseTabBarController.m in Sources */,
				52B9F52B1D48942100427F9C /* NSDate+Category.m in Sources */,
				52A9322E1D2F471000D8ED2F /* AppDelegate.m in Sources */,
				52B9F53C1D48942100427F9C /* UIView+Category.m in Sources */,
				52B9F5371D48942100427F9C /* UIScreen+Category.m in Sources */,
				526A49D51D41FAD600EA0598 /* ChineseToPinyin.m in Sources */,
				52B9F5361D48942100427F9C /* UINavigationController+Category.m in Sources */,
				52B9F52A1D48942100427F9C /* NSMutableAttributedString+Category.m in Sources */,
				526A48701D41E3CE00EA0598 /* BaseCollectionViewController.m in Sources */,
				52B9F52E1D48942100427F9C /* NSMutableArray+Category.m in Sources */,
				52B9F52F1D48942100427F9C /* NSMutableDictionary+Category.m in Sources */,
				52B9F53D1D48942100427F9C /* UIViewController+Category.m in Sources */,
				52B9F52C1D48942100427F9C /* NSDictionary+Category.m in Sources */,
				52B9F5301D48942100427F9C /* NSMutableString+Category.m in Sources */,
				52A9322B1D2F471000D8ED2F /* main.m in Sources */,
				526A486A1D41E3A800EA0598 /* BaseTableViewController.m in Sources */,
				52B9F5331D48942100427F9C /* UIColor+Category.m in Sources */,
				526A48731D41E3E000EA0598 /* BaseWebViewController.m in Sources */,
				526A49E41D41FEF200EA0598 /* NSString+ThreeDES.m in Sources */,
				52B9F5291D48942100427F9C /* NSAttributedString+Category.m in Sources */,
				526A49E61D41FEF200EA0598 /* README.md in Sources */,
				52AEE2FF1D336E2C00252609 /* AppConsts.m in Sources */,
				52B9F5341D48942100427F9C /* UIFont+Category.m in Sources */,
			);
			runOnlyForDeploymentPostprocessing = 0;
		};
		52A9323B1D2F471000D8ED2F /* Sources */ = {
			isa = PBXSourcesBuildPhase;
			buildActionMask = 2147483647;
			files = (
				52A932441D2F471100D8ED2F /* My_iOS_Dev_ToolsTests.m in Sources */,
			);
			runOnlyForDeploymentPostprocessing = 0;
		};
		52A932461D2F471100D8ED2F /* Sources */ = {
			isa = PBXSourcesBuildPhase;
			buildActionMask = 2147483647;
			files = (
				52A9324F1D2F471100D8ED2F /* My_iOS_Dev_ToolsUITests.m in Sources */,
			);
			runOnlyForDeploymentPostprocessing = 0;
		};
/* End PBXSourcesBuildPhase section */

/* Begin PBXTargetDependency section */
		52A932411D2F471000D8ED2F /* PBXTargetDependency */ = {
			isa = PBXTargetDependency;
			target = 52A932251D2F471000D8ED2F /* My_iOS_Dev_Tools */;
			targetProxy = 52A932401D2F471000D8ED2F /* PBXContainerItemProxy */;
		};
		52A9324C1D2F471100D8ED2F /* PBXTargetDependency */ = {
			isa = PBXTargetDependency;
			target = 52A932251D2F471000D8ED2F /* My_iOS_Dev_Tools */;
			targetProxy = 52A9324B1D2F471100D8ED2F /* PBXContainerItemProxy */;
		};
/* End PBXTargetDependency section */

/* Begin PBXVariantGroup section */
		52A932371D2F471000D8ED2F /* LaunchScreen.storyboard */ = {
			isa = PBXVariantGroup;
			children = (
				52A932381D2F471000D8ED2F /* Base */,
			);
			name = LaunchScreen.storyboard;
			sourceTree = "<group>";
		};
/* End PBXVariantGroup section */

/* Begin XCBuildConfiguration section */
		52A932511D2F471100D8ED2F /* Debug */ = {
			isa = XCBuildConfiguration;
			buildSettings = {
				ALWAYS_SEARCH_USER_PATHS = NO;
				CLANG_ANALYZER_NONNULL = YES;
				CLANG_CXX_LANGUAGE_STANDARD = "gnu++0x";
				CLANG_CXX_LIBRARY = "libc++";
				CLANG_ENABLE_MODULES = YES;
				CLANG_ENABLE_OBJC_ARC = YES;
				CLANG_WARN_BOOL_CONVERSION = YES;
				CLANG_WARN_CONSTANT_CONVERSION = YES;
				CLANG_WARN_DIRECT_OBJC_ISA_USAGE = YES_ERROR;
				CLANG_WARN_EMPTY_BODY = YES;
				CLANG_WARN_ENUM_CONVERSION = YES;
				CLANG_WARN_INT_CONVERSION = YES;
				CLANG_WARN_OBJC_ROOT_CLASS = YES_ERROR;
				CLANG_WARN_UNREACHABLE_CODE = YES;
				CLANG_WARN__DUPLICATE_METHOD_MATCH = YES;
				"CODE_SIGN_IDENTITY[sdk=iphoneos*]" = "iPhone Developer";
				COPY_PHASE_STRIP = NO;
				DEBUG_INFORMATION_FORMAT = dwarf;
				ENABLE_STRICT_OBJC_MSGSEND = YES;
				ENABLE_TESTABILITY = YES;
				GCC_C_LANGUAGE_STANDARD = gnu99;
				GCC_DYNAMIC_NO_PIC = NO;
				GCC_NO_COMMON_BLOCKS = YES;
				GCC_OPTIMIZATION_LEVEL = 0;
				GCC_PREPROCESSOR_DEFINITIONS = (
					"DEBUG=1",
					"$(inherited)",
				);
				GCC_WARN_64_TO_32_BIT_CONVERSION = YES;
				GCC_WARN_ABOUT_RETURN_TYPE = YES_ERROR;
				GCC_WARN_UNDECLARED_SELECTOR = YES;
				GCC_WARN_UNINITIALIZED_AUTOS = YES_AGGRESSIVE;
				GCC_WARN_UNUSED_FUNCTION = YES;
				GCC_WARN_UNUSED_VARIABLE = YES;
				IPHONEOS_DEPLOYMENT_TARGET = 9.3;
				MTL_ENABLE_DEBUG_INFO = YES;
				ONLY_ACTIVE_ARCH = YES;
				SDKROOT = iphoneos;
			};
			name = Debug;
		};
		52A932521D2F471100D8ED2F /* Release */ = {
			isa = XCBuildConfiguration;
			buildSettings = {
				ALWAYS_SEARCH_USER_PATHS = NO;
				CLANG_ANALYZER_NONNULL = YES;
				CLANG_CXX_LANGUAGE_STANDARD = "gnu++0x";
				CLANG_CXX_LIBRARY = "libc++";
				CLANG_ENABLE_MODULES = YES;
				CLANG_ENABLE_OBJC_ARC = YES;
				CLANG_WARN_BOOL_CONVERSION = YES;
				CLANG_WARN_CONSTANT_CONVERSION = YES;
				CLANG_WARN_DIRECT_OBJC_ISA_USAGE = YES_ERROR;
				CLANG_WARN_EMPTY_BODY = YES;
				CLANG_WARN_ENUM_CONVERSION = YES;
				CLANG_WARN_INT_CONVERSION = YES;
				CLANG_WARN_OBJC_ROOT_CLASS = YES_ERROR;
				CLANG_WARN_UNREACHABLE_CODE = YES;
				CLANG_WARN__DUPLICATE_METHOD_MATCH = YES;
				"CODE_SIGN_IDENTITY[sdk=iphoneos*]" = "iPhone Developer";
				COPY_PHASE_STRIP = NO;
				DEBUG_INFORMATION_FORMAT = "dwarf-with-dsym";
				ENABLE_NS_ASSERTIONS = NO;
				ENABLE_STRICT_OBJC_MSGSEND = YES;
				GCC_C_LANGUAGE_STANDARD = gnu99;
				GCC_NO_COMMON_BLOCKS = YES;
				GCC_WARN_64_TO_32_BIT_CONVERSION = YES;
				GCC_WARN_ABOUT_RETURN_TYPE = YES_ERROR;
				GCC_WARN_UNDECLARED_SELECTOR = YES;
				GCC_WARN_UNINITIALIZED_AUTOS = YES_AGGRESSIVE;
				GCC_WARN_UNUSED_FUNCTION = YES;
				GCC_WARN_UNUSED_VARIABLE = YES;
				IPHONEOS_DEPLOYMENT_TARGET = 9.3;
				MTL_ENABLE_DEBUG_INFO = NO;
				SDKROOT = iphoneos;
				VALIDATE_PRODUCT = YES;
			};
			name = Release;
		};
		52A932541D2F471100D8ED2F /* Debug */ = {
			isa = XCBuildConfiguration;
			buildSettings = {
				ASSETCATALOG_COMPILER_APPICON_NAME = AppIcon;
				GCC_PREFIX_HEADER = /Users/rensihao/Desktop/My_Project/My_iOS_Dev_Tools/My_iOS_Dev_Tools/PrefixHeader.pch;
				INFOPLIST_FILE = My_iOS_Dev_Tools/Info.plist;
				LD_RUNPATH_SEARCH_PATHS = "$(inherited) @executable_path/Frameworks";
				PRODUCT_BUNDLE_IDENTIFIER = "rensihao.com.My-iOS-Dev-Tools";
				PRODUCT_NAME = "$(TARGET_NAME)";
			};
			name = Debug;
		};
		52A932551D2F471100D8ED2F /* Release */ = {
			isa = XCBuildConfiguration;
			buildSettings = {
				ASSETCATALOG_COMPILER_APPICON_NAME = AppIcon;
				GCC_PREFIX_HEADER = /Users/rensihao/Desktop/My_Project/My_iOS_Dev_Tools/My_iOS_Dev_Tools/PrefixHeader.pch;
				INFOPLIST_FILE = My_iOS_Dev_Tools/Info.plist;
				LD_RUNPATH_SEARCH_PATHS = "$(inherited) @executable_path/Frameworks";
				PRODUCT_BUNDLE_IDENTIFIER = "rensihao.com.My-iOS-Dev-Tools";
				PRODUCT_NAME = "$(TARGET_NAME)";
			};
			name = Release;
		};
		52A932571D2F471100D8ED2F /* Debug */ = {
			isa = XCBuildConfiguration;
			buildSettings = {
				BUNDLE_LOADER = "$(TEST_HOST)";
				INFOPLIST_FILE = My_iOS_Dev_ToolsTests/Info.plist;
				LD_RUNPATH_SEARCH_PATHS = "$(inherited) @executable_path/Frameworks @loader_path/Frameworks";
				PRODUCT_BUNDLE_IDENTIFIER = "rensihao.com.My-iOS-Dev-ToolsTests";
				PRODUCT_NAME = "$(TARGET_NAME)";
				TEST_HOST = "$(BUILT_PRODUCTS_DIR)/My_iOS_Dev_Tools.app/My_iOS_Dev_Tools";
			};
			name = Debug;
		};
		52A932581D2F471100D8ED2F /* Release */ = {
			isa = XCBuildConfiguration;
			buildSettings = {
				BUNDLE_LOADER = "$(TEST_HOST)";
				INFOPLIST_FILE = My_iOS_Dev_ToolsTests/Info.plist;
				LD_RUNPATH_SEARCH_PATHS = "$(inherited) @executable_path/Frameworks @loader_path/Frameworks";
				PRODUCT_BUNDLE_IDENTIFIER = "rensihao.com.My-iOS-Dev-ToolsTests";
				PRODUCT_NAME = "$(TARGET_NAME)";
				TEST_HOST = "$(BUILT_PRODUCTS_DIR)/My_iOS_Dev_Tools.app/My_iOS_Dev_Tools";
			};
			name = Release;
		};
		52A9325A1D2F471100D8ED2F /* Debug */ = {
			isa = XCBuildConfiguration;
			buildSettings = {
				INFOPLIST_FILE = My_iOS_Dev_ToolsUITests/Info.plist;
				LD_RUNPATH_SEARCH_PATHS = "$(inherited) @executable_path/Frameworks @loader_path/Frameworks";
				PRODUCT_BUNDLE_IDENTIFIER = "rensihao.com.My-iOS-Dev-ToolsUITests";
				PRODUCT_NAME = "$(TARGET_NAME)";
				TEST_TARGET_NAME = My_iOS_Dev_Tools;
			};
			name = Debug;
		};
		52A9325B1D2F471100D8ED2F /* Release */ = {
			isa = XCBuildConfiguration;
			buildSettings = {
				INFOPLIST_FILE = My_iOS_Dev_ToolsUITests/Info.plist;
				LD_RUNPATH_SEARCH_PATHS = "$(inherited) @executable_path/Frameworks @loader_path/Frameworks";
				PRODUCT_BUNDLE_IDENTIFIER = "rensihao.com.My-iOS-Dev-ToolsUITests";
				PRODUCT_NAME = "$(TARGET_NAME)";
				TEST_TARGET_NAME = My_iOS_Dev_Tools;
			};
			name = Release;
		};
/* End XCBuildConfiguration section */

/* Begin XCConfigurationList section */
		52A932211D2F471000D8ED2F /* Build configuration list for PBXProject "My_iOS_Dev_Tools" */ = {
			isa = XCConfigurationList;
			buildConfigurations = (
				52A932511D2F471100D8ED2F /* Debug */,
				52A932521D2F471100D8ED2F /* Release */,
			);
			defaultConfigurationIsVisible = 0;
			defaultConfigurationName = Release;
		};
		52A932531D2F471100D8ED2F /* Build configuration list for PBXNativeTarget "My_iOS_Dev_Tools" */ = {
			isa = XCConfigurationList;
			buildConfigurations = (
				52A932541D2F471100D8ED2F /* Debug */,
				52A932551D2F471100D8ED2F /* Release */,
			);
			defaultConfigurationIsVisible = 0;
			defaultConfigurationName = Release;
		};
		52A932561D2F471100D8ED2F /* Build configuration list for PBXNativeTarget "My_iOS_Dev_ToolsTests" */ = {
			isa = XCConfigurationList;
			buildConfigurations = (
				52A932571D2F471100D8ED2F /* Debug */,
				52A932581D2F471100D8ED2F /* Release */,
			);
			defaultConfigurationIsVisible = 0;
			defaultConfigurationName = Release;
		};
		52A932591D2F471100D8ED2F /* Build configuration list for PBXNativeTarget "My_iOS_Dev_ToolsUITests" */ = {
			isa = XCConfigurationList;
			buildConfigurations = (
				52A9325A1D2F471100D8ED2F /* Debug */,
				52A9325B1D2F471100D8ED2F /* Release */,
			);
			defaultConfigurationIsVisible = 0;
			defaultConfigurationName = Release;
		};
/* End XCConfigurationList section */
	};
	rootObject = 52A9321E1D2F471000D8ED2F /* Project object */;
}
